
Microsoft Visual Studio Solution File, Format Version 12.00
# Visual Studio Version 17
VisualStudioVersion = 17.5.33516.290
MinimumVisualStudioVersion = 10.0.40219.1
Project("{FAE04EC0-301F-11D3-BF4B-00C04F79EFBC}") = "GestionMedicamentos", "GestionMedicamentos.csproj", "{1C73B376-256C-4CC2-B13E-56B40420F169}"
EndProject
Global
	GlobalSection(SolutionConfigurationPlatforms) = preSolution
		Debug|Any CPU = Debug|Any CPU
		Release|Any CPU = Release|Any CPU
	EndGlobalSection
	GlobalSection(ProjectConfigurationPlatforms) = postSolution
		{1C73B376-256C-4CC2-B13E-56B40420F169}.Debug|Any CPU.ActiveCfg = Debug|Any CPU
		{1C73B376-256C-4CC2-B13E-56B40420F169}.Debug|Any CPU.Build.0 = Debug|Any CPU
		{1C73B376-256C-4CC2-B13E-56B40420F169}.Release|Any CPU.ActiveCfg = Release|Any CPU
		{1C73B376-256C-4CC2-B13E-56B40420F169}.Release|Any CPU.Build.0 = Release|Any CPU
	EndGlobalSection
	GlobalSection(SolutionProperties) = preSolution
		HideSolutionNode = FALSE
	EndGlobalSection
	GlobalSection(ExtensibilityGlobals) = postSolution
		SolutionGuid = {5AB7AD06-9B5C-4910-8F42-B18EC2D841A0}
	EndGlobalSection
EndGlobal
